
Microsoft Visual Studio Solution File, Format Version 12.00
# Visual Studio 15
VisualStudioVersion = 15.0.28307.329
MinimumVisualStudioVersion = 10.0.40219.1
Project("{FAE04EC0-301F-11D3-BF4B-00C04F79EFBC}") = "Listas", "Listas\Listas.csproj", "{09BA6EB7-0DD9-457C-B42F-4D8A19B091FB}"
EndProject
Global
	GlobalSection(SolutionConfigurationPlatforms) = preSolution
		Debug|Any CPU = Debug|Any CPU
		Release|Any CPU = Release|Any CPU
	EndGlobalSection
	GlobalSection(ProjectConfigurationPlatforms) = postSolution
		{09BA6EB7-0DD9-457C-B42F-4D8A19B091FB}.Debug|Any CPU.ActiveCfg = Debug|Any CPU
		{09BA6EB7-0DD9-457C-B42F-4D8A19B091FB}.Debug|Any CPU.Build.0 = Debug|Any CPU
		{09BA6EB7-0DD9-457C-B42F-4D8A19B091FB}.Release|Any CPU.ActiveCfg = Release|Any CPU
		{09BA6EB7-0DD9-457C-B42F-4D8A19B091FB}.Release|Any CPU.Build.0 = Release|Any CPU
	EndGlobalSection
	GlobalSection(SolutionProperties) = preSolution
		HideSolutionNode = FALSE
	EndGlobalSection
	GlobalSection(ExtensibilityGlobals) = postSolution
		SolutionGuid = {C402C03F-8D5C-43E0-8103-FB32253157CE}
	EndGlobalSection
EndGlobal
